# This file is automatically @generated by Poetry 1.7.1 and should not be changed by hand.

[[package]]
name = "asttokens"
version = "2.4.1"
description = "Annotate AST trees with source code positions"
optional = false
python-versions = "*"
files = [
    {file = "asttokens-2.4.1-py2.py3-none-any.whl", hash = "sha256:051ed49c3dcae8913ea7cd08e46a606dba30b79993209636c4875bc1d637bc24"},
    {file = "asttokens-2.4.1.tar.gz", hash = "sha256:b03869718ba9a6eb027e134bfdf69f38a236d681c83c160d510768af11254ba0"},
]

[package.dependencies]
six = ">=1.12.0"

[package.extras]
astroid = ["astroid (>=1,<2)", "astroid (>=2,<4)"]
test = ["astroid (>=1,<2)", "astroid (>=2,<4)", "pytest"]

[[package]]
name = "clarabel"
version = "0.7.1"
description = "Clarabel Conic Interior Point Solver for Rust / Python"
optional = false
python-versions = ">=3.7"
files = [
    {file = "clarabel-0.7.1-cp37-abi3-macosx_10_12_x86_64.macosx_11_0_arm64.macosx_10_12_universal2.whl", hash = "sha256:32980b578842d17abe3d277df2d31a6b8bff3facf33b169c74d59b2ada10b61b"},
    {file = "clarabel-0.7.1-cp37-abi3-macosx_10_12_x86_64.whl", hash = "sha256:b4d414b9db040effa186f9e048de2c7d3e38b6edcadaaa2432a52b6451ba9999"},
    {file = "clarabel-0.7.1-cp37-abi3-manylinux_2_17_aarch64.manylinux2014_aarch64.whl", hash = "sha256:ec0fde90a467e07010176b0bd159ab8cb11c59c8ff0a09580af1ac77d7861971"},
    {file = "clarabel-0.7.1-cp37-abi3-manylinux_2_17_x86_64.manylinux2014_x86_64.whl", hash = "sha256:754e2681eb74e7f6fc35612ae58219d76819a0bc1b67771752b6f5425f72c1f8"},
    {file = "clarabel-0.7.1-cp37-abi3-manylinux_2_5_i686.manylinux1_i686.whl", hash = "sha256:33283d190f1e2a3b8559c928f0eb0d1fefc45aad334fd0566cdf5eaa94606a13"},
    {file = "clarabel-0.7.1-cp37-abi3-win32.whl", hash = "sha256:519f9b1daba08f909c106da8b5fd52937cfbc4ba27086c4cbd9728d168cfbc5c"},
    {file = "clarabel-0.7.1-cp37-abi3-win_amd64.whl", hash = "sha256:33faf5a02465eb5f7f7380d892ce3cf1d293a3efefcea18d637c618f012f5f36"},
    {file = "clarabel-0.7.1.tar.gz", hash = "sha256:a30ab135f475c5bc78329fd7df575291155e6055bcaf02124eb610b8ad176396"},
]

[package.dependencies]
numpy = "*"
scipy = "*"

[[package]]
name = "colorama"
version = "0.4.6"
description = "Cross-platform colored terminal text."
optional = false
python-versions = "!=3.0.*,!=3.1.*,!=3.2.*,!=3.3.*,!=3.4.*,!=3.5.*,!=3.6.*,>=2.7"
files = [
    {file = "colorama-0.4.6-py2.py3-none-any.whl", hash = "sha256:4f1d9991f5acc0ca119f9d443620b77f9d6b33703e51011c16baf57afb285fc6"},
    {file = "colorama-0.4.6.tar.gz", hash = "sha256:08695f5cb7ed6e0531a20572697297273c47b8cae5a63ffc6d6ed5c201be6e44"},
]

[[package]]
name = "cvxopt"
version = "1.3.2"
description = "Convex optimization package"
optional = false
python-versions = ">=3, !=3.0.*, !=3.1.*, !=3.2.*, !=3.3.*, !=3.4.*"
files = [
    {file = "cvxopt-1.3.2-cp310-cp310-macosx_10_9_x86_64.whl", hash = "sha256:cd4a1bba537a34808b92f1e793e3499029d339a7a2ab6d989f82e395b7b740ff"},
    {file = "cvxopt-1.3.2-cp310-cp310-macosx_11_0_arm64.whl", hash = "sha256:e3cd2db913b1cf64d84cdb7bc467a8a15adbd1f0f83a7a45a7167ad590f79408"},
    {file = "cvxopt-1.3.2-cp310-cp310-manylinux_2_17_x86_64.manylinux2014_x86_64.whl", hash = "sha256:6874e1b9aa002f9d796da9d02bdca76b15aa3d4b2f83ca5064ac4c7894b92ece"},
    {file = "cvxopt-1.3.2-cp310-cp310-win_amd64.whl", hash = "sha256:22d12b88190e047c0cedde165711222aa0dcdc325a229b876c36f746dd4a6f12"},
    {file = "cvxopt-1.3.2-cp311-cp311-macosx_10_9_x86_64.whl", hash = "sha256:a459b6ee9f99fc34861cbcf679a196af2d930ec70d95018a94f2e6dbe46c8c24"},
    {file = "cvxopt-1.3.2-cp311-cp311-macosx_11_0_arm64.whl", hash = "sha256:8ae730ebc130461f743922f11d00c2d59a79492e57a1f5d245d4a6c731b7e334"},
    {file = "cvxopt-1.3.2-cp311-cp311-manylinux_2_17_x86_64.manylinux2014_x86_64.whl", hash = "sha256:994dab68c193bea405a3a89a88b8703dd2c79bb790a330c8d459f0454cca71ef"},
    {file = "cvxopt-1.3.2-cp311-cp311-win_amd64.whl", hash = "sha256:0c45f663e40b3ed2e2320e7ae8d50fcf09b5ac72c5af4c66aa523e0045453311"},
    {file = "cvxopt-1.3.2-cp312-cp312-macosx_10_9_x86_64.whl", hash = "sha256:25adbeb0efd50d7ea4f07e5f5bd390a3c807df907f03efb86b018807c2c8cfbe"},
    {file = "cvxopt-1.3.2-cp312-cp312-macosx_11_0_arm64.whl", hash = "sha256:c10e27cb7a27b55f17e0df30c6b85e98c9672a7bdb7000a7509560eee7679137"},
    {file = "cvxopt-1.3.2-cp312-cp312-manylinux_2_17_x86_64.manylinux2014_x86_64.whl", hash = "sha256:e8bcf71a5016aeb24e597dc099564e8de809e0bc5d6af21e26422586aea26718"},
    {file = "cvxopt-1.3.2-cp312-cp312-win_amd64.whl", hash = "sha256:a92ebfc5df77fea57544f8ad2102bfc45af0e77ac4dfe98ed1b9628e8bba77c3"},
    {file = "cvxopt-1.3.2-cp36-cp36m-macosx_10_9_x86_64.whl", hash = "sha256:dcc0c091977b9211ad5086d0dfcc8748a4be3a37b0456c93d11a5d8fe15219e8"},
    {file = "cvxopt-1.3.2-cp37-cp37m-macosx_10_9_x86_64.whl", hash = "sha256:6e14c47766b39e97142b163ba218b955cd5c47d19d9bd01b01e0909102b43384"},
    {file = "cvxopt-1.3.2-cp37-cp37m-manylinux_2_17_x86_64.manylinux2014_x86_64.whl", hash = "sha256:a075e333916da7fc941b36a4f189b88acd291f1d861d97ba876626c277b3e575"},
    {file = "cvxopt-1.3.2-cp38-cp38-macosx_10_9_x86_64.whl", hash = "sha256:c237b57845b1e4ac00c012581cde099cd71a91434c117fec763bb4bf5b22601b"},
    {file = "cvxopt-1.3.2-cp38-cp38-manylinux_2_17_x86_64.manylinux2014_x86_64.whl", hash = "sha256:45e702d4649d2d4e73fcd8f244aa5734a04d2b1a3fa3e7c0bff1ab578bf5061e"},
    {file = "cvxopt-1.3.2-cp38-cp38-win_amd64.whl", hash = "sha256:f88dd546d91eb9e0974eee477b76077d001eeeb7b819d8801eb6065376d7d527"},
    {file = "cvxopt-1.3.2-cp39-cp39-macosx_10_9_x86_64.whl", hash = "sha256:e2ec16afa3e953159e148b7470159e415108aadb8bb1815baaea2e37ad7e1d8c"},
    {file = "cvxopt-1.3.2-cp39-cp39-macosx_11_0_arm64.whl", hash = "sha256:8157ef551c80b4745b786d0d8ae5cc222824482fb8596ce271bf49b707d38577"},
    {file = "cvxopt-1.3.2-cp39-cp39-manylinux_2_17_x86_64.manylinux2014_x86_64.whl", hash = "sha256:098abd1d648d9e44f7ad55542b3b7f978b82280f4332ad80a937db6fbe274600"},
    {file = "cvxopt-1.3.2-cp39-cp39-win_amd64.whl", hash = "sha256:f4ae2bc20a7d44657cc3ab1e2b80fa07ff3ebe0c1e0fa1f0b27b2ba693eb5072"},
    {file = "cvxopt-1.3.2.tar.gz", hash = "sha256:3461fa42c1b2240ba4da1d985ca73503914157fc4c77417327ed6d7d85acdbe6"},
]

[[package]]
name = "cvxpy"
version = "1.4.3"
description = "A domain-specific language for modeling convex optimization problems in Python."
optional = false
python-versions = ">=3.8"
files = [
    {file = "cvxpy-1.4.3-cp310-cp310-macosx_10_9_universal2.whl", hash = "sha256:f4dc744a6f38328b0511cd57cfd81a517c0568d3b6e994d6dda3f309a1ce47cf"},
    {file = "cvxpy-1.4.3-cp310-cp310-macosx_10_9_x86_64.whl", hash = "sha256:8c32199a26d889e74d70bc39f0369680cb7d2625e7c47c42483ca166d37122c2"},
    {file = "cvxpy-1.4.3-cp310-cp310-manylinux_2_17_aarch64.manylinux2014_aarch64.whl", hash = "sha256:4a4fed75c1714409fd5125269935a68bc3f57c522623a5d7eab68623a19f3a6f"},
    {file = "cvxpy-1.4.3-cp310-cp310-manylinux_2_17_x86_64.manylinux2014_x86_64.whl", hash = "sha256:8198e390490a0543caad428fc0d8a5c0914052c22630277d00bfdc7a770c4b11"},
    {file = "cvxpy-1.4.3-cp310-cp310-win_amd64.whl", hash = "sha256:bea83a4a829d7197c307badbbe2f05d6e7aed85ed63badd800b89534b33b38de"},
    {file = "cvxpy-1.4.3-cp311-cp311-macosx_10_9_universal2.whl", hash = "sha256:443313eca702750a7a2878e841de23cc5111085f4069e842d027ebc5c98c10ac"},
    {file = "cvxpy-1.4.3-cp311-cp311-macosx_10_9_x86_64.whl", hash = "sha256:9ae3d4ec202dc446206d8c6eae83353827842dc0e232f4e4f0d588fb2d59705a"},
    {file = "cvxpy-1.4.3-cp311-cp311-manylinux_2_17_aarch64.manylinux2014_aarch64.whl", hash = "sha256:0f8ee4d0d1ecb2e09e41a31192ea103c7c1f626204925fb7f6590d11471cb357"},
    {file = "cvxpy-1.4.3-cp311-cp311-manylinux_2_17_x86_64.manylinux2014_x86_64.whl", hash = "sha256:aeb6f60608d4716ced43105cbeb0df2a787583f51bfbf9465fea5c435f8456ca"},
    {file = "cvxpy-1.4.3-cp311-cp311-win_amd64.whl", hash = "sha256:243d0315140a7572cd4ec2e9bf13c1e407627d78dc5f9491abfa9adc64569268"},
    {file = "cvxpy-1.4.3-cp312-cp312-macosx_10_9_universal2.whl", hash = "sha256:69ee039b43e425ffc0cb5581c2befee571bee2b007d5a119fa17695f908d861e"},
    {file = "cvxpy-1.4.3-cp312-cp312-macosx_10_9_x86_64.whl", hash = "sha256:502c590099a4faeee28247a3d139d618a94ec6d2986dc7cc0db2ac614660ddc5"},
    {file = "cvxpy-1.4.3-cp312-cp312-manylinux_2_17_aarch64.manylinux2014_aarch64.whl", hash = "sha256:57a803bb786ab43da0c0a4fbbb0b2438fd13a4b38b68f8f16474a214a78b0823"},
    {file = "cvxpy-1.4.3-cp312-cp312-manylinux_2_17_x86_64.manylinux2014_x86_64.whl", hash = "sha256:331cc160e66b7271b734b8ad0b65456d32445e00c397c35b7f2b105091ecfa84"},
    {file = "cvxpy-1.4.3-cp312-cp312-win_amd64.whl", hash = "sha256:4b4d46fd521b755a6abd57384b2355db28d7165a6d90118278ebd7553e4ba70b"},
    {file = "cvxpy-1.4.3-cp38-cp38-macosx_10_9_universal2.whl", hash = "sha256:80dde991c27d4e3b91597a00b85d460a9db03b484ba6a3b940647e324ad30110"},
    {file = "cvxpy-1.4.3-cp38-cp38-macosx_10_9_x86_64.whl", hash = "sha256:06091d3278c65ef996306b5a85a7848055331ef390262f2cf354811f43ddea68"},
    {file = "cvxpy-1.4.3-cp38-cp38-manylinux_2_17_aarch64.manylinux2014_aarch64.whl", hash = "sha256:e16bf04f75266c61ee469a0a3b1364c1e1e87d47dc47fedcdc43435c74dd97f3"},
    {file = "cvxpy-1.4.3-cp38-cp38-manylinux_2_17_x86_64.manylinux2014_x86_64.whl", hash = "sha256:14882db05fa36cab94262b7e9574c43f87301ab025daefdabaa7659f2623e731"},
    {file = "cvxpy-1.4.3-cp38-cp38-win_amd64.whl", hash = "sha256:f094da24c46e6b0b936369463d483755eafbb13fd6a8d8d1ca962987d02eb014"},
    {file = "cvxpy-1.4.3-cp39-cp39-macosx_10_9_universal2.whl", hash = "sha256:b8d652877989ddc28099a367fb7a4bb771d54895e3e1167c835ee3f91606bd13"},
    {file = "cvxpy-1.4.3-cp39-cp39-macosx_10_9_x86_64.whl", hash = "sha256:25d3ac5953effaa5c72ab8d261dbe94d8a1947de0324a7e30053ef3b0cee853e"},
    {file = "cvxpy-1.4.3-cp39-cp39-manylinux_2_17_aarch64.manylinux2014_aarch64.whl", hash = "sha256:3d612c7bdff73a730c11d6094540705ca9c8312d9ebb6af75c09337123dd66b2"},
    {file = "cvxpy-1.4.3-cp39-cp39-manylinux_2_17_x86_64.manylinux2014_x86_64.whl", hash = "sha256:1475fd4c4778067d5ec03b35fe714d6a4074e1e213262a8bddbd9b638e004419"},
    {file = "cvxpy-1.4.3-cp39-cp39-win_amd64.whl", hash = "sha256:8d30081ef5e906cc6352fc6760f462a6dfcb5150a5a26e21da942b6ae0759293"},
    {file = "cvxpy-1.4.3.tar.gz", hash = "sha256:b1b078c8c05923ad128e7d814b0be1c337ac05262a78b757a8e6f957648ad953"},
]

[package.dependencies]
clarabel = ">=0.5.0"
ecos = ">=2"
numpy = ">=1.15"
osqp = ">=0.6.2"
pybind11 = "*"
scipy = ">=1.1.0"
scs = ">=3.0"

[package.extras]
cbc = ["cylp (>=0.91.5)"]
clarabel = ["clarabel"]
cvxopt = ["cvxopt"]
diffcp = ["diffcp"]
glop = ["ortools (>=9.5,<9.8)"]
glpk = ["cvxopt"]
glpk-mi = ["cvxopt"]
gurobi = ["gurobipy"]
highs = ["scipy (>=1.6.1)"]
mosek = ["Mosek"]
pdlp = ["ortools (>=9.5,<9.8)"]
piqp = ["piqp"]
proxqp = ["proxsuite"]
scip = ["PySCIPOpt"]
scipy = ["scipy"]
scs = ["setuptools (>65.5.1)"]
xpress = ["xpress"]

[[package]]
name = "decorator"
version = "5.1.1"
description = "Decorators for Humans"
optional = false
python-versions = ">=3.5"
files = [
    {file = "decorator-5.1.1-py3-none-any.whl", hash = "sha256:b8c3f85900b9dc423225913c5aace94729fe1fa9763b38939a95226f02d37186"},
    {file = "decorator-5.1.1.tar.gz", hash = "sha256:637996211036b6385ef91435e4fae22989472f9d571faba8927ba8253acbc330"},
]

[[package]]
name = "ecos"
version = "2.0.13"
description = "This is the Python package for ECOS: Embedded Cone Solver. See Github page for more information."
optional = false
python-versions = "*"
files = [
    {file = "ecos-2.0.13-cp310-cp310-macosx_10_9_x86_64.whl", hash = "sha256:a1c1acf33b70f8657c25f07ec8d7b59bb01dbad39f072fa61fc956c2166ed979"},
    {file = "ecos-2.0.13-cp310-cp310-manylinux_2_17_x86_64.manylinux2014_x86_64.whl", hash = "sha256:4ea88ee2c94192004d6be9c55a3c79f184eaba3bbf31474229045a1b0a8a1536"},
    {file = "ecos-2.0.13-cp310-cp310-win_amd64.whl", hash = "sha256:df8ae7fce79be9e5f79f0511c51a4824795de5154847fabe1a0288bc2ea349d3"},
    {file = "ecos-2.0.13-cp311-cp311-macosx_10_9_x86_64.whl", hash = "sha256:88dd628bc6e77a069165fa5f50340e2856795c28e00e3fce213a04d7c41c584a"},
    {file = "ecos-2.0.13-cp311-cp311-manylinux_2_17_x86_64.manylinux2014_x86_64.whl", hash = "sha256:78b2c969c7e22fd8a1d1cd0a90f4325d90572da23e2e923b0da6138ce62503d0"},
    {file = "ecos-2.0.13-cp311-cp311-win_amd64.whl", hash = "sha256:936890fb85a186360a5c8f228dd19acb760e234b38c598d0b46ab29644e31dfc"},
    {file = "ecos-2.0.13-cp312-cp312-macosx_10_9_x86_64.whl", hash = "sha256:62ed497ab56017f1d7264eb56223826a984462b1d84fb850d10f0bec3490877d"},
    {file = "ecos-2.0.13-cp312-cp312-manylinux_2_17_x86_64.manylinux2014_x86_64.whl", hash = "sha256:cf2b1384012bee9e58e5a2373905d3644f74a0ea000b307a239366fe7850c29c"},
    {file = "ecos-2.0.13-cp312-cp312-win_amd64.whl", hash = "sha256:2c1ea09069e32185912506f946bb6d1f144841ba1d1cd0217c67f72cbdf7a8fd"},
    {file = "ecos-2.0.13-cp37-cp37m-macosx_10_9_x86_64.whl", hash = "sha256:b9f4a76a3e1165359e1704ec6b1b89d487858ec0d838d62a7268133d88221914"},
    {file = "ecos-2.0.13-cp37-cp37m-manylinux_2_17_x86_64.manylinux2014_x86_64.whl", hash = "sha256:d3c2d4e0d3ada1a619ddd62fbf48ccbe9b738fdbef119945fe2a05566d03b85a"},
    {file = "ecos-2.0.13-cp37-cp37m-win_amd64.whl", hash = "sha256:84c72e1e5ffa41cd38352dcf0a8c25418f5bf04ed76a576db0daaf9a69f5568f"},
    {file = "ecos-2.0.13-cp38-cp38-macosx_10_9_x86_64.whl", hash = "sha256:1979f1f17ec7f1a0fc45964d02d762393f9f427d965fe8a893e7b1476a9023c3"},
    {file = "ecos-2.0.13-cp38-cp38-manylinux_2_17_x86_64.manylinux2014_x86_64.whl", hash = "sha256:059e6c29c89f47a490353e4f9336e96350a5102a97e1d8a2aaff796bcbe50058"},
    {file = "ecos-2.0.13-cp38-cp38-win_amd64.whl", hash = "sha256:30c7d0cce6c830da5b9ea25af0d47b203255639524eb4d03d1331c600958c834"},
    {file = "ecos-2.0.13-cp39-cp39-macosx_10_9_x86_64.whl", hash = "sha256:ba42c15f1d79eb2ada532e9781b4aeb3ed84b1c7e38239ba4d6502c6a092d5b1"},
    {file = "ecos-2.0.13-cp39-cp39-manylinux_2_17_x86_64.manylinux2014_x86_64.whl", hash = "sha256:32fb33185f6dd94a1c798bc481eb86c9f4e832efec91f6ab0584e2fc26fd375e"},
    {file = "ecos-2.0.13-cp39-cp39-win_amd64.whl", hash = "sha256:68995ab12d363576dddb2d1f91ead3b9c8a8ca61f29000f0b1daef1b4e7b5b64"},
    {file = "ecos-2.0.13.tar.gz", hash = "sha256:f2a9dc108ade7faf6f6f4fad245f4714b7293c8767d2a351ead59428a94a98b9"},
]

[package.dependencies]
numpy = ">=1.6"
scipy = ">=0.9"

[[package]]
name = "exceptiongroup"
version = "1.2.0"
description = "Backport of PEP 654 (exception groups)"
optional = false
python-versions = ">=3.7"
files = [
    {file = "exceptiongroup-1.2.0-py3-none-any.whl", hash = "sha256:4bfd3996ac73b41e9b9628b04e079f193850720ea5945fc96a08633c66912f14"},
    {file = "exceptiongroup-1.2.0.tar.gz", hash = "sha256:91f5c769735f051a4290d52edd0858999b57e5876e9f85937691bd4c9fa3ed68"},
]

[package.extras]
test = ["pytest (>=6)"]

[[package]]
name = "executing"
version = "2.0.1"
description = "Get the currently executing AST node of a frame, and other information"
optional = false
python-versions = ">=3.5"
files = [
    {file = "executing-2.0.1-py2.py3-none-any.whl", hash = "sha256:eac49ca94516ccc753f9fb5ce82603156e590b27525a8bc32cce8ae302eb61bc"},
    {file = "executing-2.0.1.tar.gz", hash = "sha256:35afe2ce3affba8ee97f2d69927fa823b08b472b7b994e36a52a964b93d16147"},
]

[package.extras]
tests = ["asttokens (>=2.1.0)", "coverage", "coverage-enable-subprocess", "ipython", "littleutils", "pytest", "rich"]

[[package]]
name = "importlib-metadata"
version = "1.7.0"
description = "Read metadata from Python packages"
optional = false
python-versions = "!=3.0.*,!=3.1.*,!=3.2.*,!=3.3.*,!=3.4.*,>=2.7"
files = [
    {file = "importlib_metadata-1.7.0-py2.py3-none-any.whl", hash = "sha256:dc15b2969b4ce36305c51eebe62d418ac7791e9a157911d58bfb1f9ccd8e2070"},
    {file = "importlib_metadata-1.7.0.tar.gz", hash = "sha256:90bb658cdbbf6d1735b6341ce708fc7024a3e14e99ffdc5783edea9f9b077f83"},
]

[package.dependencies]
zipp = ">=0.5"

[package.extras]
docs = ["rst.linker", "sphinx"]
testing = ["importlib-resources (>=1.3)", "packaging", "pep517"]

[[package]]
name = "iniconfig"
version = "2.0.0"
description = "brain-dead simple config-ini parsing"
optional = false
python-versions = ">=3.7"
files = [
    {file = "iniconfig-2.0.0-py3-none-any.whl", hash = "sha256:b6a85871a79d2e3b22d2d1b94ac2824226a63c6b741c88f7ae975f18b6778374"},
    {file = "iniconfig-2.0.0.tar.gz", hash = "sha256:2d91e135bf72d31a410b17c16da610a82cb55f6b0477d1a902134b24a455b8b3"},
]

[[package]]
name = "ipython"
version = "8.23.0"
description = "IPython: Productive Interactive Computing"
optional = false
python-versions = ">=3.10"
files = [
    {file = "ipython-8.23.0-py3-none-any.whl", hash = "sha256:07232af52a5ba146dc3372c7bf52a0f890a23edf38d77caef8d53f9cdc2584c1"},
    {file = "ipython-8.23.0.tar.gz", hash = "sha256:7468edaf4f6de3e1b912e57f66c241e6fd3c7099f2ec2136e239e142e800274d"},
]

[package.dependencies]
colorama = {version = "*", markers = "sys_platform == \"win32\""}
decorator = "*"
exceptiongroup = {version = "*", markers = "python_version < \"3.11\""}
jedi = ">=0.16"
matplotlib-inline = "*"
pexpect = {version = ">4.3", markers = "sys_platform != \"win32\" and sys_platform != \"emscripten\""}
prompt-toolkit = ">=3.0.41,<3.1.0"
pygments = ">=2.4.0"
stack-data = "*"
traitlets = ">=5.13.0"
typing-extensions = {version = "*", markers = "python_version < \"3.12\""}

[package.extras]
all = ["ipython[black,doc,kernel,matplotlib,nbconvert,nbformat,notebook,parallel,qtconsole]", "ipython[test,test-extra]"]
black = ["black"]
doc = ["docrepr", "exceptiongroup", "ipykernel", "ipython[test]", "matplotlib", "setuptools (>=18.5)", "sphinx (>=1.3)", "sphinx-rtd-theme", "sphinxcontrib-jquery", "stack-data", "typing-extensions"]
kernel = ["ipykernel"]
matplotlib = ["matplotlib"]
nbconvert = ["nbconvert"]
nbformat = ["nbformat"]
notebook = ["ipywidgets", "notebook"]
parallel = ["ipyparallel"]
qtconsole = ["qtconsole"]
test = ["pickleshare", "pytest (<8)", "pytest-asyncio (<0.22)", "testpath"]
test-extra = ["curio", "ipython[test]", "matplotlib (!=3.2.0)", "nbformat", "numpy (>=1.23)", "pandas", "trio"]

[[package]]
name = "jedi"
version = "0.19.1"
description = "An autocompletion tool for Python that can be used for text editors."
optional = false
python-versions = ">=3.6"
files = [
    {file = "jedi-0.19.1-py2.py3-none-any.whl", hash = "sha256:e983c654fe5c02867aef4cdfce5a2fbb4a50adc0af145f70504238f18ef5e7e0"},
    {file = "jedi-0.19.1.tar.gz", hash = "sha256:cf0496f3651bc65d7174ac1b7d043eff454892c708a87d1b683e57b569927ffd"},
]

[package.dependencies]
parso = ">=0.8.3,<0.9.0"

[package.extras]
docs = ["Jinja2 (==2.11.3)", "MarkupSafe (==1.1.1)", "Pygments (==2.8.1)", "alabaster (==0.7.12)", "babel (==2.9.1)", "chardet (==4.0.0)", "commonmark (==0.8.1)", "docutils (==0.17.1)", "future (==0.18.2)", "idna (==2.10)", "imagesize (==1.2.0)", "mock (==1.0.1)", "packaging (==20.9)", "pyparsing (==2.4.7)", "pytz (==2021.1)", "readthedocs-sphinx-ext (==2.1.4)", "recommonmark (==0.5.0)", "requests (==2.25.1)", "six (==1.15.0)", "snowballstemmer (==2.1.0)", "sphinx (==1.8.5)", "sphinx-rtd-theme (==0.4.3)", "sphinxcontrib-serializinghtml (==1.1.4)", "sphinxcontrib-websupport (==1.2.4)", "urllib3 (==1.26.4)"]
qa = ["flake8 (==5.0.4)", "mypy (==0.971)", "types-setuptools (==67.2.0.1)"]
testing = ["Django", "attrs", "colorama", "docopt", "pytest (<7.0.0)"]

[[package]]
name = "matplotlib-inline"
version = "0.1.7"
description = "Inline Matplotlib backend for Jupyter"
optional = false
python-versions = ">=3.8"
files = [
    {file = "matplotlib_inline-0.1.7-py3-none-any.whl", hash = "sha256:df192d39a4ff8f21b1895d72e6a13f5fcc5099f00fa84384e0ea28c2cc0653ca"},
    {file = "matplotlib_inline-0.1.7.tar.gz", hash = "sha256:8423b23ec666be3d16e16b60bdd8ac4e86e840ebd1dd11a30b9f117f2fa0ab90"},
]

[package.dependencies]
traitlets = "*"

[[package]]
name = "numpy"
version = "1.24.4"
description = "Fundamental package for array computing in Python"
optional = false
python-versions = ">=3.8"
files = [
    {file = "numpy-1.24.4-cp310-cp310-macosx_10_9_x86_64.whl", hash = "sha256:c0bfb52d2169d58c1cdb8cc1f16989101639b34c7d3ce60ed70b19c63eba0b64"},
    {file = "numpy-1.24.4-cp310-cp310-macosx_11_0_arm64.whl", hash = "sha256:ed094d4f0c177b1b8e7aa9cba7d6ceed51c0e569a5318ac0ca9a090680a6a1b1"},
    {file = "numpy-1.24.4-cp310-cp310-manylinux_2_17_aarch64.manylinux2014_aarch64.whl", hash = "sha256:79fc682a374c4a8ed08b331bef9c5f582585d1048fa6d80bc6c35bc384eee9b4"},
    {file = "numpy-1.24.4-cp310-cp310-manylinux_2_17_x86_64.manylinux2014_x86_64.whl", hash = "sha256:7ffe43c74893dbf38c2b0a1f5428760a1a9c98285553c89e12d70a96a7f3a4d6"},
    {file = "numpy-1.24.4-cp310-cp310-win32.whl", hash = "sha256:4c21decb6ea94057331e111a5bed9a79d335658c27ce2adb580fb4d54f2ad9bc"},
    {file = "numpy-1.24.4-cp310-cp310-win_amd64.whl", hash = "sha256:b4bea75e47d9586d31e892a7401f76e909712a0fd510f58f5337bea9572c571e"},
    {file = "numpy-1.24.4-cp311-cp311-macosx_10_9_x86_64.whl", hash = "sha256:f136bab9c2cfd8da131132c2cf6cc27331dd6fae65f95f69dcd4ae3c3639c810"},
    {file = "numpy-1.24.4-cp311-cp311-macosx_11_0_arm64.whl", hash = "sha256:e2926dac25b313635e4d6cf4dc4e51c8c0ebfed60b801c799ffc4c32bf3d1254"},
    {file = "numpy-1.24.4-cp311-cp311-manylinux_2_17_aarch64.manylinux2014_aarch64.whl", hash = "sha256:222e40d0e2548690405b0b3c7b21d1169117391c2e82c378467ef9ab4c8f0da7"},
    {file = "numpy-1.24.4-cp311-cp311-manylinux_2_17_x86_64.manylinux2014_x86_64.whl", hash = "sha256:7215847ce88a85ce39baf9e89070cb860c98fdddacbaa6c0da3ffb31b3350bd5"},
    {file = "numpy-1.24.4-cp311-cp311-win32.whl", hash = "sha256:4979217d7de511a8d57f4b4b5b2b965f707768440c17cb70fbf254c4b225238d"},
    {file = "numpy-1.24.4-cp311-cp311-win_amd64.whl", hash = "sha256:b7b1fc9864d7d39e28f41d089bfd6353cb5f27ecd9905348c24187a768c79694"},
    {file = "numpy-1.24.4-cp38-cp38-macosx_10_9_x86_64.whl", hash = "sha256:1452241c290f3e2a312c137a9999cdbf63f78864d63c79039bda65ee86943f61"},
    {file = "numpy-1.24.4-cp38-cp38-macosx_11_0_arm64.whl", hash = "sha256:04640dab83f7c6c85abf9cd729c5b65f1ebd0ccf9de90b270cd61935eef0197f"},
    {file = "numpy-1.24.4-cp38-cp38-manylinux_2_17_aarch64.manylinux2014_aarch64.whl", hash = "sha256:a5425b114831d1e77e4b5d812b69d11d962e104095a5b9c3b641a218abcc050e"},
    {file = "numpy-1.24.4-cp38-cp38-manylinux_2_17_x86_64.manylinux2014_x86_64.whl", hash = "sha256:dd80e219fd4c71fc3699fc1dadac5dcf4fd882bfc6f7ec53d30fa197b8ee22dc"},
    {file = "numpy-1.24.4-cp38-cp38-win32.whl", hash = "sha256:4602244f345453db537be5314d3983dbf5834a9701b7723ec28923e2889e0bb2"},
    {file = "numpy-1.24.4-cp38-cp38-win_amd64.whl", hash = "sha256:692f2e0f55794943c5bfff12b3f56f99af76f902fc47487bdfe97856de51a706"},
    {file = "numpy-1.24.4-cp39-cp39-macosx_10_9_x86_64.whl", hash = "sha256:2541312fbf09977f3b3ad449c4e5f4bb55d0dbf79226d7724211acc905049400"},
    {file = "numpy-1.24.4-cp39-cp39-macosx_11_0_arm64.whl", hash = "sha256:9667575fb6d13c95f1b36aca12c5ee3356bf001b714fc354eb5465ce1609e62f"},
    {file = "numpy-1.24.4-cp39-cp39-manylinux_2_17_aarch64.manylinux2014_aarch64.whl", hash = "sha256:f3a86ed21e4f87050382c7bc96571755193c4c1392490744ac73d660e8f564a9"},
    {file = "numpy-1.24.4-cp39-cp39-manylinux_2_17_x86_64.manylinux2014_x86_64.whl", hash = "sha256:d11efb4dbecbdf22508d55e48d9c8384db795e1b7b51ea735289ff96613ff74d"},
    {file = "numpy-1.24.4-cp39-cp39-win32.whl", hash = "sha256:6620c0acd41dbcb368610bb2f4d83145674040025e5536954782467100aa8835"},
    {file = "numpy-1.24.4-cp39-cp39-win_amd64.whl", hash = "sha256:befe2bf740fd8373cf56149a5c23a0f601e82869598d41f8e188a0e9869926f8"},
    {file = "numpy-1.24.4-pp38-pypy38_pp73-macosx_10_9_x86_64.whl", hash = "sha256:31f13e25b4e304632a4619d0e0777662c2ffea99fcae2029556b17d8ff958aef"},
    {file = "numpy-1.24.4-pp38-pypy38_pp73-manylinux_2_17_x86_64.manylinux2014_x86_64.whl", hash = "sha256:95f7ac6540e95bc440ad77f56e520da5bf877f87dca58bd095288dce8940532a"},
    {file = "numpy-1.24.4-pp38-pypy38_pp73-win_amd64.whl", hash = "sha256:e98f220aa76ca2a977fe435f5b04d7b3470c0a2e6312907b37ba6068f26787f2"},
    {file = "numpy-1.24.4.tar.gz", hash = "sha256:80f5e3a4e498641401868df4208b74581206afbee7cf7b8329daae82676d9463"},
]

[[package]]
name = "osqp"
version = "0.6.5"
description = "OSQP: The Operator Splitting QP Solver"
optional = false
python-versions = "*"
files = [
    {file = "osqp-0.6.5-cp310-cp310-macosx_10_9_x86_64.whl", hash = "sha256:e8024dba07281111af39e71bff6449fb22a37bf3358aa0c7fd1daa6bca692c99"},
    {file = "osqp-0.6.5-cp310-cp310-manylinux_2_17_aarch64.manylinux2014_aarch64.whl", hash = "sha256:a68e247f2bbb53e87f1c1ca80ff3fc86b781f771d6da2a2ecd2f6e7492c802f3"},
    {file = "osqp-0.6.5-cp310-cp310-manylinux_2_5_x86_64.manylinux1_x86_64.manylinux_2_17_x86_64.manylinux2014_x86_64.whl", hash = "sha256:e81e299637eb2342e30eb2df0ec45dc243683af0a71676c9b45b9337bb05da97"},
    {file = "osqp-0.6.5-cp310-cp310-win_amd64.whl", hash = "sha256:42425632927d983cbe935067783b944ebd4959e9eb6611da8401007b66a0c841"},
    {file = "osqp-0.6.5-cp311-cp311-macosx_10_9_x86_64.whl", hash = "sha256:a7b180db09be1c3e3cb4109396b894f481ca9c6e160a530acd71f1769610f96c"},
    {file = "osqp-0.6.5-cp311-cp311-manylinux_2_17_aarch64.manylinux2014_aarch64.whl", hash = "sha256:648f4beff10c16620f3b95e86dee702052d587b847ddbd5d8f71ad39ac36db3a"},
    {file = "osqp-0.6.5-cp311-cp311-manylinux_2_5_x86_64.manylinux1_x86_64.manylinux_2_17_x86_64.manylinux2014_x86_64.whl", hash = "sha256:7649d56d775662e0a5d1665ed220d585f904d14a49cc6931bf27725bb9c4b2e0"},
    {file = "osqp-0.6.5-cp311-cp311-win_amd64.whl", hash = "sha256:b033b7aec973a655cfec4558e0c4fc92ee9f914bcb0a669e0156398d8ddbef8f"},
    {file = "osqp-0.6.5-cp312-cp312-macosx_10_9_x86_64.whl", hash = "sha256:5c344619465e625aac6d13812d442dd31d4a9ab243e39abb5938c3f6116409b0"},
    {file = "osqp-0.6.5-cp312-cp312-manylinux_2_17_aarch64.manylinux2014_aarch64.whl", hash = "sha256:000ad48aa071ecc4c75ebc39d1291752fe3a9937a30d00fff5dc61663ec67eeb"},
    {file = "osqp-0.6.5-cp312-cp312-manylinux_2_5_x86_64.manylinux1_x86_64.manylinux_2_17_x86_64.manylinux2014_x86_64.whl", hash = "sha256:a36a40df69db5195fba613341663db2c7dcf977eb75b9578a8fd7682bbe02324"},
    {file = "osqp-0.6.5-cp312-cp312-win_amd64.whl", hash = "sha256:3d8212db7c55af1961ccce4a32fd382bfe34e2198664ea3f81cc47eef8d0f288"},
    {file = "osqp-0.6.5-cp36-cp36m-macosx_10_9_x86_64.whl", hash = "sha256:ca7d80c0767b1350cd74e4f1446ec51661152690d38b1382ceccdfccd757afce"},
    {file = "osqp-0.6.5-cp36-cp36m-manylinux_2_17_aarch64.manylinux2014_aarch64.whl", hash = "sha256:7b15e2b96d4d9b2eff37a05405372c69cf17ada3d1e42c5e28cbdbd053189ab5"},
    {file = "osqp-0.6.5-cp36-cp36m-manylinux_2_5_x86_64.manylinux1_x86_64.manylinux_2_17_x86_64.manylinux2014_x86_64.whl", hash = "sha256:7a41600e34ece7156606fd3620987fdf224b0a35c857540cb5bf45072f5c022b"},
    {file = "osqp-0.6.5-cp36-cp36m-win_amd64.whl", hash = "sha256:8c38574b35a3ddfb794aafee9bc5a74635160b9fc52bbc89ae6164fe207556de"},
    {file = "osqp-0.6.5-cp37-cp37m-macosx_10_9_x86_64.whl", hash = "sha256:d06f614e3be1b1f3cd68569b2dc3628c2fdef1e7c4b992672fe05efb1add9801"},
    {file = "osqp-0.6.5-cp37-cp37m-manylinux_2_17_aarch64.manylinux2014_aarch64.whl", hash = "sha256:25a6b995e0a022bd1c33d20d8846d9a068df89cec288b905b5cdfdb98a2ffae8"},
    {file = "osqp-0.6.5-cp37-cp37m-manylinux_2_5_x86_64.manylinux1_x86_64.manylinux_2_17_x86_64.manylinux2014_x86_64.whl", hash = "sha256:09de9b53e7513ee4ade3024ce9f36ef993d916118d0927cce740d086882ea92c"},
    {file = "osqp-0.6.5-cp37-cp37m-win_amd64.whl", hash = "sha256:1f80f85d515ef29b90fb34f137857e75d4fcf21a715d644f54d2cf9494567fab"},
    {file = "osqp-0.6.5-cp38-cp38-macosx_10_9_x86_64.whl", hash = "sha256:de9b9e96001e8f0b2e474106ac75e220fd9279e1635b107b836a6035795e8d07"},
    {file = "osqp-0.6.5-cp38-cp38-manylinux_2_17_aarch64.manylinux2014_aarch64.whl", hash = "sha256:9fe545d7a87a46cfc57dfb9f0aa2788d2f29e0c71dc1ac57e92f9c9d93064753"},
    {file = "osqp-0.6.5-cp38-cp38-manylinux_2_5_x86_64.manylinux1_x86_64.manylinux_2_17_x86_64.manylinux2014_x86_64.whl", hash = "sha256:49ab020b5fd7abb5da99e01e47bf81f817ba1df6895e3d3ba4893722cc24d9b6"},
    {file = "osqp-0.6.5-cp38-cp38-win_amd64.whl", hash = "sha256:5d1b5ed6fc4faea94117a0abe140fefe980449b29d3907bd2e6ec1c18eca3d43"},
    {file = "osqp-0.6.5-cp39-cp39-macosx_10_9_x86_64.whl", hash = "sha256:dca127b7a333ce53fb430fc441b2e0aee2df619693d967277a8f8fd095e95007"},
    {file = "osqp-0.6.5-cp39-cp39-manylinux_2_17_aarch64.manylinux2014_aarch64.whl", hash = "sha256:9ec902844defedf7c5a5ed482b93286d1735a65b71bb27c93e18c929f313c93d"},
    {file = "osqp-0.6.5-cp39-cp39-manylinux_2_5_x86_64.manylinux1_x86_64.manylinux_2_17_x86_64.manylinux2014_x86_64.whl", hash = "sha256:f25a9e1e8f1db38094dc7ee544e603e31fe7bf1b2a3fc75c78c1d39a727e2540"},
    {file = "osqp-0.6.5-cp39-cp39-win_amd64.whl", hash = "sha256:6dce90d8c4ad551489a452573ea819e089e1e1c3b23bbd8f155bb6059ce8ef36"},
    {file = "osqp-0.6.5.tar.gz", hash = "sha256:b2810aee7be2373add8b6c0be5ad99b810288774abca421751cb032d6a5aedef"},
]

[package.dependencies]
numpy = ">=1.7"
qdldl = "*"
scipy = ">=0.13.2,<1.12.0"

[[package]]
name = "packaging"
version = "24.0"
description = "Core utilities for Python packages"
optional = false
python-versions = ">=3.7"
files = [
    {file = "packaging-24.0-py3-none-any.whl", hash = "sha256:2ddfb553fdf02fb784c234c7ba6ccc288296ceabec964ad2eae3777778130bc5"},
    {file = "packaging-24.0.tar.gz", hash = "sha256:eb82c5e3e56209074766e6885bb04b8c38a0c015d0a30036ebe7ece34c9989e9"},
]

[[package]]
name = "parso"
version = "0.8.4"
description = "A Python Parser"
optional = false
python-versions = ">=3.6"
files = [
    {file = "parso-0.8.4-py2.py3-none-any.whl", hash = "sha256:a418670a20291dacd2dddc80c377c5c3791378ee1e8d12bffc35420643d43f18"},
    {file = "parso-0.8.4.tar.gz", hash = "sha256:eb3a7b58240fb99099a345571deecc0f9540ea5f4dd2fe14c2a99d6b281ab92d"},
]

[package.extras]
qa = ["flake8 (==5.0.4)", "mypy (==0.971)", "types-setuptools (==67.2.0.1)"]
testing = ["docopt", "pytest"]

[[package]]
name = "pexpect"
version = "4.9.0"
description = "Pexpect allows easy control of interactive console applications."
optional = false
python-versions = "*"
files = [
    {file = "pexpect-4.9.0-py2.py3-none-any.whl", hash = "sha256:7236d1e080e4936be2dc3e326cec0af72acf9212a7e1d060210e70a47e253523"},
    {file = "pexpect-4.9.0.tar.gz", hash = "sha256:ee7d41123f3c9911050ea2c2dac107568dc43b2d3b0c7557a33212c398ead30f"},
]

[package.dependencies]
ptyprocess = ">=0.5"

[[package]]
name = "pluggy"
version = "1.4.0"
description = "plugin and hook calling mechanisms for python"
optional = false
python-versions = ">=3.8"
files = [
    {file = "pluggy-1.4.0-py3-none-any.whl", hash = "sha256:7db9f7b503d67d1c5b95f59773ebb58a8c1c288129a88665838012cfb07b8981"},
    {file = "pluggy-1.4.0.tar.gz", hash = "sha256:8c85c2876142a764e5b7548e7d9a0e0ddb46f5185161049a79b7e974454223be"},
]

[package.extras]
dev = ["pre-commit", "tox"]
testing = ["pytest", "pytest-benchmark"]

[[package]]
name = "prompt-toolkit"
version = "3.0.43"
description = "Library for building powerful interactive command lines in Python"
optional = false
python-versions = ">=3.7.0"
files = [
    {file = "prompt_toolkit-3.0.43-py3-none-any.whl", hash = "sha256:a11a29cb3bf0a28a387fe5122cdb649816a957cd9261dcedf8c9f1fef33eacf6"},
    {file = "prompt_toolkit-3.0.43.tar.gz", hash = "sha256:3527b7af26106cbc65a040bcc84839a3566ec1b051bb0bfe953631e704b0ff7d"},
]

[package.dependencies]
wcwidth = "*"

[[package]]
name = "ptyprocess"
version = "0.7.0"
description = "Run a subprocess in a pseudo terminal"
optional = false
python-versions = "*"
files = [
    {file = "ptyprocess-0.7.0-py2.py3-none-any.whl", hash = "sha256:4b41f3967fce3af57cc7e94b888626c18bf37a083e3651ca8feeb66d492fef35"},
    {file = "ptyprocess-0.7.0.tar.gz", hash = "sha256:5c5d0a3b48ceee0b48485e0c26037c0acd7d29765ca3fbb5cb3831d347423220"},
]

[[package]]
name = "pure-eval"
version = "0.2.2"
description = "Safely evaluate AST nodes without side effects"
optional = false
python-versions = "*"
files = [
    {file = "pure_eval-0.2.2-py3-none-any.whl", hash = "sha256:01eaab343580944bc56080ebe0a674b39ec44a945e6d09ba7db3cb8cec289350"},
    {file = "pure_eval-0.2.2.tar.gz", hash = "sha256:2b45320af6dfaa1750f543d714b6d1c520a1688dec6fd24d339063ce0aaa9ac3"},
]

[package.extras]
tests = ["pytest"]

[[package]]
name = "pybind11"
version = "2.12.0"
description = "Seamless operability between C++11 and Python"
optional = false
python-versions = ">=3.6"
files = [
    {file = "pybind11-2.12.0-py3-none-any.whl", hash = "sha256:df8d60b94f9e714d81013db233393d430ebf9f3551642b82291cf1b14d1afdbd"},
    {file = "pybind11-2.12.0.tar.gz", hash = "sha256:5e3c557a84b06b969247630407fc4d985bed157b4253b13153b8e8e165e0c3dc"},
]

[package.extras]
global = ["pybind11-global (==2.12.0)"]

[[package]]
name = "pygments"
version = "2.17.2"
description = "Pygments is a syntax highlighting package written in Python."
optional = false
python-versions = ">=3.7"
files = [
    {file = "pygments-2.17.2-py3-none-any.whl", hash = "sha256:b27c2826c47d0f3219f29554824c30c5e8945175d888647acd804ddd04af846c"},
    {file = "pygments-2.17.2.tar.gz", hash = "sha256:da46cec9fd2de5be3a8a784f434e4c4ab670b4ff54d605c4c2717e9d49c4c367"},
]

[package.extras]
plugins = ["importlib-metadata"]
windows-terminal = ["colorama (>=0.4.6)"]

[[package]]
name = "pytest"
version = "8.1.1"
description = "pytest: simple powerful testing with Python"
optional = false
python-versions = ">=3.8"
files = [
    {file = "pytest-8.1.1-py3-none-any.whl", hash = "sha256:2a8386cfc11fa9d2c50ee7b2a57e7d898ef90470a7a34c4b949ff59662bb78b7"},
    {file = "pytest-8.1.1.tar.gz", hash = "sha256:ac978141a75948948817d360297b7aae0fcb9d6ff6bc9ec6d514b85d5a65c044"},
]

[package.dependencies]
colorama = {version = "*", markers = "sys_platform == \"win32\""}
exceptiongroup = {version = ">=1.0.0rc8", markers = "python_version < \"3.11\""}
iniconfig = "*"
packaging = "*"
pluggy = ">=1.4,<2.0"
tomli = {version = ">=1", markers = "python_version < \"3.11\""}

[package.extras]
testing = ["argcomplete", "attrs (>=19.2)", "hypothesis (>=3.56)", "mock", "pygments (>=2.7.2)", "requests", "setuptools", "xmlschema"]

[[package]]
name = "qdldl"
version = "0.1.7.post1"
description = "QDLDL, a free LDL factorization routine."
optional = false
python-versions = "*"
files = [
    {file = "qdldl-0.1.7.post1-cp310-cp310-macosx_10_9_x86_64.whl", hash = "sha256:77311b7446be609cbdf23cc7e9f7494d2106b697cb874ba93692c08854c166aa"},
    {file = "qdldl-0.1.7.post1-cp310-cp310-manylinux_2_17_x86_64.manylinux2014_x86_64.whl", hash = "sha256:716493b517bfd8abcbaf954a55203b4a9b48339ed098e70055c80093d9ab89b2"},
    {file = "qdldl-0.1.7.post1-cp310-cp310-win_amd64.whl", hash = "sha256:22f470b9d5d80c2207ae5dc6f3a1de7b5f0bff65769356da8aec184993b4a4b5"},
    {file = "qdldl-0.1.7.post1-cp311-cp311-macosx_10_9_x86_64.whl", hash = "sha256:db90a7b17c0f7109cad8024eb18ea86d3632c15603c44c4c2e4dd56afaff4a84"},
    {file = "qdldl-0.1.7.post1-cp311-cp311-manylinux_2_17_x86_64.manylinux2014_x86_64.whl", hash = "sha256:59f5949df82e9b4a543047c510d895cddd8ff2887450d256c660a109e4652df9"},
    {file = "qdldl-0.1.7.post1-cp311-cp311-win_amd64.whl", hash = "sha256:ea5657a8a675efa32a8280cf85043b9b4749bf39f1903e3011cb4bd70427d807"},
    {file = "qdldl-0.1.7.post1-cp36-cp36m-macosx_10_9_x86_64.whl", hash = "sha256:a129221d17a3835ba52b8fb11586549f47bd16dbffc54eeea04e669568cc35fc"},
    {file = "qdldl-0.1.7.post1-cp36-cp36m-manylinux_2_17_x86_64.manylinux2014_x86_64.whl", hash = "sha256:298c97c18126f47fb20911d3e96f1a8198da9db7b6bb33b99fb92beef7f430aa"},
    {file = "qdldl-0.1.7.post1-cp36-cp36m-win_amd64.whl", hash = "sha256:9a390f123e6d0478c42f3a9de0eca34a0510cb3f20a5019210dc7f8388e026de"},
    {file = "qdldl-0.1.7.post1-cp37-cp37m-macosx_10_9_x86_64.whl", hash = "sha256:76ed3fa56083215ac28bbd53251c367da11292a4e493117f7e716c2112ed7e2a"},
    {file = "qdldl-0.1.7.post1-cp37-cp37m-manylinux_2_17_x86_64.manylinux2014_x86_64.whl", hash = "sha256:d022563209f80ae230e364b402e0691b2f082080bbf32d8ae9d7b40a3e431519"},
    {file = "qdldl-0.1.7.post1-cp37-cp37m-win_amd64.whl", hash = "sha256:30bf5f9302e3fde81a81ebcd6d877f442d0c9369c9e23a38026f740f948d78c3"},
    {file = "qdldl-0.1.7.post1-cp38-cp38-macosx_10_9_x86_64.whl", hash = "sha256:3ffbd4c6da97f8a8bbd16bf2f1e3571b88cf0612fc2103efe9c39106abb02f2e"},
    {file = "qdldl-0.1.7.post1-cp38-cp38-manylinux_2_17_x86_64.manylinux2014_x86_64.whl", hash = "sha256:7b1659265e24b50a61c7c7e030f4b2962859c1263793f6d55a266a0434fc64fd"},
    {file = "qdldl-0.1.7.post1-cp38-cp38-win_amd64.whl", hash = "sha256:ff1ef3f0aa4cbe0bfd6937eb9742aefb9a13bdeda2f732f2aaa140d0883e6c40"},
    {file = "qdldl-0.1.7.post1-cp39-cp39-macosx_10_9_x86_64.whl", hash = "sha256:17ef229fe87651a858ee50951a78b67e58b267997af8da16518bf19287101d86"},
    {file = "qdldl-0.1.7.post1-cp39-cp39-manylinux_2_17_x86_64.manylinux2014_x86_64.whl", hash = "sha256:44a8f3847ee2a7836362b8d5a9708dc2f4b9ed3b9a5ad4473e7d8c1ef58c3db1"},
    {file = "qdldl-0.1.7.post1-cp39-cp39-win_amd64.whl", hash = "sha256:9cfbe199187f2480d628d208c8df5aea8639fca98a3ed55b8cf01379aa93ba28"},
    {file = "qdldl-0.1.7.post1.tar.gz", hash = "sha256:798d88c16e02536ae65c71f06b64e3fbf31b74d7e47bc10ff9816768632b3a64"},
]

[package.dependencies]
numpy = ">=1.7"
scipy = ">=0.13.2"

[[package]]
name = "scipy"
version = "1.9.3"
description = "Fundamental algorithms for scientific computing in Python"
optional = false
python-versions = ">=3.8"
files = [
    {file = "scipy-1.9.3-cp310-cp310-macosx_10_9_x86_64.whl", hash = "sha256:1884b66a54887e21addf9c16fb588720a8309a57b2e258ae1c7986d4444d3bc0"},
    {file = "scipy-1.9.3-cp310-cp310-macosx_12_0_arm64.whl", hash = "sha256:83b89e9586c62e787f5012e8475fbb12185bafb996a03257e9675cd73d3736dd"},
    {file = "scipy-1.9.3-cp310-cp310-manylinux_2_17_aarch64.manylinux2014_aarch64.whl", hash = "sha256:1a72d885fa44247f92743fc20732ae55564ff2a519e8302fb7e18717c5355a8b"},
    {file = "scipy-1.9.3-cp310-cp310-manylinux_2_17_x86_64.manylinux2014_x86_64.whl", hash = "sha256:d01e1dd7b15bd2449c8bfc6b7cc67d630700ed655654f0dfcf121600bad205c9"},
    {file = "scipy-1.9.3-cp310-cp310-win_amd64.whl", hash = "sha256:68239b6aa6f9c593da8be1509a05cb7f9efe98b80f43a5861cd24c7557e98523"},
    {file = "scipy-1.9.3-cp311-cp311-macosx_10_9_x86_64.whl", hash = "sha256:b41bc822679ad1c9a5f023bc93f6d0543129ca0f37c1ce294dd9d386f0a21096"},
    {file = "scipy-1.9.3-cp311-cp311-macosx_12_0_arm64.whl", hash = "sha256:90453d2b93ea82a9f434e4e1cba043e779ff67b92f7a0e85d05d286a3625df3c"},
    {file = "scipy-1.9.3-cp311-cp311-manylinux_2_17_aarch64.manylinux2014_aarch64.whl", hash = "sha256:83c06e62a390a9167da60bedd4575a14c1f58ca9dfde59830fc42e5197283dab"},
    {file = "scipy-1.9.3-cp311-cp311-manylinux_2_17_x86_64.manylinux2014_x86_64.whl", hash = "sha256:abaf921531b5aeaafced90157db505e10345e45038c39e5d9b6c7922d68085cb"},
    {file = "scipy-1.9.3-cp311-cp311-win_amd64.whl", hash = "sha256:06d2e1b4c491dc7d8eacea139a1b0b295f74e1a1a0f704c375028f8320d16e31"},
    {file = "scipy-1.9.3-cp38-cp38-macosx_10_9_x86_64.whl", hash = "sha256:5a04cd7d0d3eff6ea4719371cbc44df31411862b9646db617c99718ff68d4840"},
    {file = "scipy-1.9.3-cp38-cp38-macosx_12_0_arm64.whl", hash = "sha256:545c83ffb518094d8c9d83cce216c0c32f8c04aaf28b92cc8283eda0685162d5"},
    {file = "scipy-1.9.3-cp38-cp38-manylinux_2_17_aarch64.manylinux2014_aarch64.whl", hash = "sha256:0d54222d7a3ba6022fdf5773931b5d7c56efe41ede7f7128c7b1637700409108"},
    {file = "scipy-1.9.3-cp38-cp38-manylinux_2_17_x86_64.manylinux2014_x86_64.whl", hash = "sha256:cff3a5295234037e39500d35316a4c5794739433528310e117b8a9a0c76d20fc"},
    {file = "scipy-1.9.3-cp38-cp38-win_amd64.whl", hash = "sha256:2318bef588acc7a574f5bfdff9c172d0b1bf2c8143d9582e05f878e580a3781e"},
    {file = "scipy-1.9.3-cp39-cp39-macosx_10_9_x86_64.whl", hash = "sha256:d644a64e174c16cb4b2e41dfea6af722053e83d066da7343f333a54dae9bc31c"},
    {file = "scipy-1.9.3-cp39-cp39-macosx_12_0_arm64.whl", hash = "sha256:da8245491d73ed0a994ed9c2e380fd058ce2fa8a18da204681f2fe1f57f98f95"},
    {file = "scipy-1.9.3-cp39-cp39-manylinux_2_17_aarch64.manylinux2014_aarch64.whl", hash = "sha256:4db5b30849606a95dcf519763dd3ab6fe9bd91df49eba517359e450a7d80ce2e"},
    {file = "scipy-1.9.3-cp39-cp39-manylinux_2_17_x86_64.manylinux2014_x86_64.whl", hash = "sha256:c68db6b290cbd4049012990d7fe71a2abd9ffbe82c0056ebe0f01df8be5436b0"},
    {file = "scipy-1.9.3-cp39-cp39-win_amd64.whl", hash = "sha256:5b88e6d91ad9d59478fafe92a7c757d00c59e3bdc3331be8ada76a4f8d683f58"},
    {file = "scipy-1.9.3.tar.gz", hash = "sha256:fbc5c05c85c1a02be77b1ff591087c83bc44579c6d2bd9fb798bb64ea5e1a027"},
]

[package.dependencies]
numpy = ">=1.18.5,<1.26.0"

[package.extras]
dev = ["flake8", "mypy", "pycodestyle", "typing_extensions"]
doc = ["matplotlib (>2)", "numpydoc", "pydata-sphinx-theme (==0.9.0)", "sphinx (!=4.1.0)", "sphinx-panels (>=0.5.2)", "sphinx-tabs"]
test = ["asv", "gmpy2", "mpmath", "pytest", "pytest-cov", "pytest-xdist", "scikit-umfpack", "threadpoolctl"]

[[package]]
name = "scs"
version = "3.2.4.post1"
description = "Splitting conic solver"
optional = false
python-versions = ">=3.7"
files = [
    {file = "scs-3.2.4.post1-cp310-cp310-macosx_10_9_x86_64.whl", hash = "sha256:51fed30d2a4a1e6fbfc1e52b4cb3adeecbe89d7c47f3539b49afbb852415fe19"},
    {file = "scs-3.2.4.post1-cp310-cp310-manylinux_2_17_x86_64.manylinux2014_x86_64.whl", hash = "sha256:eb0524c0b9c3ed0d65dae161475accf3efa8e170938eb93251a60e9709b156ee"},
    {file = "scs-3.2.4.post1-cp310-cp310-win_amd64.whl", hash = "sha256:534519819eea96f18902a9fce15c4ec562b99d23b38dc843a48cb137b5641613"},
    {file = "scs-3.2.4.post1-cp311-cp311-macosx_10_9_x86_64.whl", hash = "sha256:8d04ee4d19ac6d0f5053663bc48fcd5c5faed534272f13b10a4e173c814eea69"},
    {file = "scs-3.2.4.post1-cp311-cp311-manylinux_2_17_x86_64.manylinux2014_x86_64.whl", hash = "sha256:37c23b4299ab77ff5f654573d5667dc982292a8ef2b979053b38c40663919f13"},
    {file = "scs-3.2.4.post1-cp311-cp311-win_amd64.whl", hash = "sha256:ae4624938d3e3a8b7e508029275c6ad7a978fd48c158d0818f69f4ae764bf945"},
    {file = "scs-3.2.4.post1-cp312-cp312-macosx_10_9_x86_64.whl", hash = "sha256:40294e22bfe509bdf7fd65a6b77c38cec22dcb3567ff5a75f3c41a1faf2ef1d5"},
    {file = "scs-3.2.4.post1-cp312-cp312-manylinux_2_17_x86_64.manylinux2014_x86_64.whl", hash = "sha256:2a2337acb0604770b6df1473254065a51c210ff9c82fc7c4490595510287a337"},
    {file = "scs-3.2.4.post1-cp312-cp312-win_amd64.whl", hash = "sha256:8689e75a57e59846e65d1c4b9d57e9964b00fcbb8e67fc77f98cf6e0a0530abd"},
    {file = "scs-3.2.4.post1-cp37-cp37m-macosx_10_9_x86_64.whl", hash = "sha256:ad991b00d0a87c85db57bf2f1863c21bdc4e2f13837f6c35e809f5936bc6f165"},
    {file = "scs-3.2.4.post1-cp37-cp37m-manylinux_2_17_x86_64.manylinux2014_x86_64.whl", hash = "sha256:a28af160a44268e726a59d6cf340629b82940c1a643c4c87fe777e9cbe550d75"},
    {file = "scs-3.2.4.post1-cp37-cp37m-win_amd64.whl", hash = "sha256:f6283f725f3fee63d4631c2532d01a5b2ea65883b04d3da3be06084b1c60171b"},
    {file = "scs-3.2.4.post1-cp38-cp38-macosx_10_9_x86_64.whl", hash = "sha256:8b3a622cf2120ae765f0f3ad5c6f4f86796d317e29132bab2ad4af3c14d9bf4d"},
    {file = "scs-3.2.4.post1-cp38-cp38-macosx_12_0_x86_64.whl", hash = "sha256:4b5259137c263304effa2b28d0125437ac23569e6e7753c115ae1206ec5033fd"},
    {file = "scs-3.2.4.post1-cp38-cp38-manylinux_2_17_x86_64.manylinux2014_x86_64.whl", hash = "sha256:424710bc19b0506feee7e05e6d2b7af98acf09af5bd5353126164cbd46ac923f"},
    {file = "scs-3.2.4.post1-cp38-cp38-win_amd64.whl", hash = "sha256:e21bdc8046648846e2c204a6c5cf24eaaedd2b8f5e0a2ab41a647b0247b8d592"},
    {file = "scs-3.2.4.post1-cp39-cp39-macosx_10_9_x86_64.whl", hash = "sha256:cea0f7e9473f43f7edf1641d020ead7e39653a81c540fbdba8f3b7b8480038c9"},
    {file = "scs-3.2.4.post1-cp39-cp39-manylinux_2_17_x86_64.manylinux2014_x86_64.whl", hash = "sha256:f6126f1d7ed5ff368cb8c1836715b17a50074314579eefc6d511995a3ab93d70"},
    {file = "scs-3.2.4.post1-cp39-cp39-win_amd64.whl", hash = "sha256:18788befa5284bb1f49149bac7f813703de60ef5b6bf7698a9f1c3a5a49b78e4"},
    {file = "scs-3.2.4.post1.tar.gz", hash = "sha256:7015d7a56d1d5b53264fd277289ea169949309e26101677ff88cd0e5030d032f"},
]

[package.dependencies]
numpy = "*"
scipy = "*"

[[package]]
name = "six"
version = "1.16.0"
description = "Python 2 and 3 compatibility utilities"
optional = false
python-versions = ">=2.7, !=3.0.*, !=3.1.*, !=3.2.*"
files = [
    {file = "six-1.16.0-py2.py3-none-any.whl", hash = "sha256:8abb2f1d86890a2dfb989f9a77cfcfd3e47c2a354b01111771326f8aa26e0254"},
    {file = "six-1.16.0.tar.gz", hash = "sha256:1e61c37477a1626458e36f7b1d82aa5c9b094fa4802892072e49de9c60c4c926"},
]

[[package]]
name = "stack-data"
version = "0.6.3"
description = "Extract data from python stack frames and tracebacks for informative displays"
optional = false
python-versions = "*"
files = [
    {file = "stack_data-0.6.3-py3-none-any.whl", hash = "sha256:d5558e0c25a4cb0853cddad3d77da9891a08cb85dd9f9f91b9f8cd66e511e695"},
    {file = "stack_data-0.6.3.tar.gz", hash = "sha256:836a778de4fec4dcd1dcd89ed8abff8a221f58308462e1c4aa2a3cf30148f0b9"},
]

[package.dependencies]
asttokens = ">=2.1.0"
executing = ">=1.2.0"
pure-eval = "*"

[package.extras]
tests = ["cython", "littleutils", "pygments", "pytest", "typeguard"]

[[package]]
name = "tomli"
version = "2.0.1"
description = "A lil' TOML parser"
optional = false
python-versions = ">=3.7"
files = [
    {file = "tomli-2.0.1-py3-none-any.whl", hash = "sha256:939de3e7a6161af0c887ef91b7d41a53e7c5a1ca976325f429cb46ea9bc30ecc"},
    {file = "tomli-2.0.1.tar.gz", hash = "sha256:de526c12914f0c550d15924c62d72abc48d6fe7364aa87328337a31007fe8a4f"},
]

[[package]]
name = "toolz"
version = "0.12.1"
description = "List processing tools and functional utilities"
optional = false
python-versions = ">=3.7"
files = [
    {file = "toolz-0.12.1-py3-none-any.whl", hash = "sha256:d22731364c07d72eea0a0ad45bafb2c2937ab6fd38a3507bf55eae8744aa7d85"},
    {file = "toolz-0.12.1.tar.gz", hash = "sha256:ecca342664893f177a13dac0e6b41cbd8ac25a358e5f215316d43e2100224f4d"},
]

[[package]]
name = "traitlets"
version = "5.14.2"
description = "Traitlets Python configuration system"
optional = false
python-versions = ">=3.8"
files = [
    {file = "traitlets-5.14.2-py3-none-any.whl", hash = "sha256:fcdf85684a772ddeba87db2f398ce00b40ff550d1528c03c14dbf6a02003cd80"},
    {file = "traitlets-5.14.2.tar.gz", hash = "sha256:8cdd83c040dab7d1dee822678e5f5d100b514f7b72b01615b26fc5718916fdf9"},
]

[package.extras]
docs = ["myst-parser", "pydata-sphinx-theme", "sphinx"]
test = ["argcomplete (>=3.0.3)", "mypy (>=1.7.0)", "pre-commit", "pytest (>=7.0,<8.1)", "pytest-mock", "pytest-mypy-testing"]

[[package]]
name = "typing-extensions"
version = "4.11.0"
description = "Backported and Experimental Type Hints for Python 3.8+"
optional = false
python-versions = ">=3.8"
files = [
    {file = "typing_extensions-4.11.0-py3-none-any.whl", hash = "sha256:c1f94d72897edaf4ce775bb7558d5b79d8126906a14ea5ed1635921406c0387a"},
    {file = "typing_extensions-4.11.0.tar.gz", hash = "sha256:83f085bd5ca59c80295fc2a82ab5dac679cbe02b9f33f7d83af68e241bea51b0"},
]

[[package]]
name = "wcwidth"
version = "0.2.13"
description = "Measures the displayed width of unicode strings in a terminal"
optional = false
python-versions = "*"
files = [
    {file = "wcwidth-0.2.13-py2.py3-none-any.whl", hash = "sha256:3da69048e4540d84af32131829ff948f1e022c1c6bdb8d6102117aac784f6859"},
    {file = "wcwidth-0.2.13.tar.gz", hash = "sha256:72ea0c06399eb286d978fdedb6923a9eb47e1c486ce63e9b4e64fc18303972b5"},
]

[[package]]
name = "zipp"
version = "3.18.1"
description = "Backport of pathlib-compatible object wrapper for zip files"
optional = false
python-versions = ">=3.8"
files = [
    {file = "zipp-3.18.1-py3-none-any.whl", hash = "sha256:206f5a15f2af3dbaee80769fb7dc6f249695e940acca08dfb2a4769fe61e538b"},
    {file = "zipp-3.18.1.tar.gz", hash = "sha256:2884ed22e7d8961de1c9a05142eb69a247f120291bc0206a00a7642f09b5b715"},
]

[package.extras]
docs = ["furo", "jaraco.packaging (>=9.3)", "jaraco.tidelift (>=1.4)", "rst.linker (>=1.9)", "sphinx (>=3.5)", "sphinx-lint"]
testing = ["big-O", "jaraco.functools", "jaraco.itertools", "more-itertools", "pytest (>=6)", "pytest-checkdocs (>=2.4)", "pytest-cov", "pytest-enabler (>=2.2)", "pytest-ignore-flaky", "pytest-mypy", "pytest-ruff (>=0.2.1)"]

[metadata]
lock-version = "2.0"
python-versions = "^3.10"
content-hash = "96885dfd1aaa585a3cddd4d35db9865722fdbfdd3c25145f26efbc92ccbe5c01"
